<Solution>
  <Project Path="MoreMountains.Tools.csproj" />
  <Project Path="SaintsField.Editor.csproj" />
  <Project Path="SaintsField.Runtime.csproj" />
  <Project Path="Assembly-CSharp.csproj" />
  <Project Path="MoreMountains.Tools.Editor.csproj" />
  <Project Path="Lofelt.NiceVibrations.csproj" />
  <Project Path="SaintsField.Editor.ScriptableRenderer.csproj" />
  <Project Path="SaintsField.Editor.Drawer.SaintsEventBaseTypeDrawer.csproj" />
  <Project Path="NavMeshPlus.csproj" />
  <Project Path="SaintsField.Editor.AiNavigation.csproj" />
  <Project Path="NavMeshPlusEditor.csproj" />
  <Project Path="FMODUnityResonanceEditor.csproj" />
  <Project Path="SaintsField.Runtime.Events.csproj" />
  <Project Path="FMODUnityEditor.csproj" />
  <Project Path="FMODUnity.csproj" />
  <Project Path="FMODUnityHaptics.csproj" />
  <Project Path="Lofelt.NiceVibrations.Demo.csproj" />
  <Project Path="Lofelt.NiceVibrations.Editor.csproj" />
  <Project Path="SaintsField.Editor.Drawers.Mathematics.csproj" />
  <Project Path="SaintsField.Runtime.TypeReference.csproj" />
  <Project Path="FMODUnityResonance.csproj" />
  <Project Path="Assembly-CSharp-Editor.csproj" />
  <Project Path="SaintsField.Runtime.ScriptableRenderer.csproj" />
</Solution>
